<?xml version="1.0" encoding="utf-8"?>
<Project ToolsVersion="4.0" xmlns="http://schemas.microsoft.com/developer/msbuild/2003">
  <ItemGroup>
    <Filter Include="Src">
      <UniqueIdentifier>{49a19b8f-4671-4515-8585-30ffbaaeddde}</UniqueIdentifier>
    </Filter>
    <Filter Include="Src\Core">
      <UniqueIdentifier>{1a047d09-d2e2-4504-addf-82844ca44e8c}</UniqueIdentifier>
    </Filter>
    <Filter Include="Src\Graphics">
      <UniqueIdentifier>{123bcca3-3b58-44b9-bbff-780a8edfa372}</UniqueIdentifier>
    </Filter>
    <Filter Include="Inc">
      <UniqueIdentifier>{63eaeae7-984e-43e7-aa91-86e64b3fa931}</UniqueIdentifier>
    </Filter>
    <Filter Include="Src\Utility">
      <UniqueIdentifier>{edce9144-9292-4af6-b64f-a05315645543}</UniqueIdentifier>
    </Filter>
    <Filter Include="Src\Physics">
      <UniqueIdentifier>{a2ad3f1d-4675-4eb1-81cd-5dd37eb2b61f}</UniqueIdentifier>
    </Filter>
    <Filter Include="Inc\Core">
      <UniqueIdentifier>{e4a75f62-afdf-4a87-9b2b-813c1d27beda}</UniqueIdentifier>
    </Filter>
    <Filter Include="Inc\Math">
      <UniqueIdentifier>{26ffb2c9-85be-442c-8272-8a4973460492}</UniqueIdentifier>
    </Filter>
    <Filter Include="Inc\Graphics">
      <UniqueIdentifier>{905ac235-584f-4370-a4b1-bd25abc2a8e8}</UniqueIdentifier>
    </Filter>
    <Filter Include="Inc\Physics">
      <UniqueIdentifier>{19cc5f93-862d-436a-b285-6361d625bedd}</UniqueIdentifier>
    </Filter>
    <Filter Include="Inc\Util">
      <UniqueIdentifier>{a5fd2c8d-1cd0-4628-bebf-4046a69c83db}</UniqueIdentifier>
    </Filter>
    <Filter Include="Inc\Header">
      <UniqueIdentifier>{c1428071-2f0a-43d6-8129-73fd3cbe6006}</UniqueIdentifier>
    </Filter>
    <Filter Include="Inc\Core\ECS">
      <UniqueIdentifier>{551c94e0-2537-4dc6-a640-fc01d40dc461}</UniqueIdentifier>
    </Filter>
    <Filter Include="Inc\Graphics\DX11">
      <UniqueIdentifier>{bce58d2d-ccdc-481b-9e50-2c40d6204e65}</UniqueIdentifier>
    </Filter>
    <Filter Include="Inc\Graphics\DX12">
      <UniqueIdentifier>{138a7dc2-8986-4efc-97a6-d81c84624262}</UniqueIdentifier>
    </Filter>
    <Filter Include="Inc\Input">
      <UniqueIdentifier>{42a3d9c0-ea12-4f4e-a488-dd0b49af8716}</UniqueIdentifier>
    </Filter>
    <Filter Include="Src\Input">
      <UniqueIdentifier>{03a300ae-3a32-4e31-8e94-ad9e77d9f9ac}</UniqueIdentifier>
    </Filter>
    <Filter Include="Inc\Physics\Jolt">
      <UniqueIdentifier>{b2d1c079-966b-4332-b732-f57f5454b3bc}</UniqueIdentifier>
    </Filter>
    <Filter Include="Inc\Physics\Jolt\Core">
      <UniqueIdentifier>{de9d7776-967f-4e72-992e-1ba1a90ace7c}</UniqueIdentifier>
    </Filter>
    <Filter Include="Inc\Physics\Jolt\Math">
      <UniqueIdentifier>{4b91f412-7924-4871-b3de-491f885216a7}</UniqueIdentifier>
    </Filter>
    <Filter Include="Inc\Physics\Jolt\Physics">
      <UniqueIdentifier>{e513232d-e16c-4ba7-8ee5-ee4ba9676df0}</UniqueIdentifier>
    </Filter>
    <Filter Include="Inc\Physics\Jolt\ObjectStream">
      <UniqueIdentifier>{8e6c1dbd-7518-4542-b9aa-f7d9ecd4730d}</UniqueIdentifier>
    </Filter>
    <Filter Include="Inc\Physics\Jolt\AABBTree">
      <UniqueIdentifier>{4bb0b688-a44b-4aa3-baf9-c452a3dd770b}</UniqueIdentifier>
    </Filter>
    <Filter Include="Inc\Physics\Jolt\Skeleton">
      <UniqueIdentifier>{a08650e4-337f-4bc5-946b-6b9d2fd0757f}</UniqueIdentifier>
    </Filter>
    <Filter Include="Inc\Physics\Jolt\Geometry">
      <UniqueIdentifier>{58933f9f-2f66-40b2-a893-6e614bb9fb6f}</UniqueIdentifier>
    </Filter>
    <Filter Include="Inc\Physics\Jolt\TriangleSplitter">
      <UniqueIdentifier>{eb6c466b-285b-4720-9c89-f99614f0d455}</UniqueIdentifier>
    </Filter>
    <Filter Include="Inc\Debug">
      <UniqueIdentifier>{cd2cc6f7-e936-43e6-9df1-303dbd59d9a3}</UniqueIdentifier>
    </Filter>
    <Filter Include="Inc\Debug\imgui">
      <UniqueIdentifier>{ecf351c4-1b61-4d18-b61d-cfc62fa3b99a}</UniqueIdentifier>
    </Filter>
    <Filter Include="Inc\SIMD">
      <UniqueIdentifier>{24bd197e-9ac7-4cf0-85fa-2368363ae487}</UniqueIdentifier>
    </Filter>
    <Filter Include="Src\SIMD">
      <UniqueIdentifier>{4e55244a-1d2c-4a4e-be0a-5c19334220de}</UniqueIdentifier>
    </Filter>
    <Filter Include="Src\Debug">
      <UniqueIdentifier>{5f5624a5-82dd-44cb-8295-eb4708cf0fcd}</UniqueIdentifier>
    </Filter>
    <Filter Include="Src\Graphics\MOC">
      <UniqueIdentifier>{da44bf4c-9dbb-475f-bafa-34cbd0206df6}</UniqueIdentifier>
    </Filter>
  </ItemGroup>
  <ItemGroup>
    <ClInclude Include="src\Utility\doxygen_sample.h">
      <Filter>Src\Utility</Filter>
    </ClInclude>
    <ClInclude Include="src\Utility\pch.h">
      <Filter>Src\Utility</Filter>
    </ClInclude>
    <ClInclude Include="src\Utility\message.h">
      <Filter>Src\Utility</Filter>
    </ClInclude>
    <ClInclude Include="inc\SectorFW\Physics\gltf_to_shape.h">
      <Filter>Inc\Physics</Filter>
    </ClInclude>
    <ClInclude Include="inc\SectorFW\Physics\IShapeResolver.h">
      <Filter>Inc\Physics</Filter>
    </ClInclude>
    <ClInclude Include="inc\SectorFW\Physics\PhysicsComponent.h">
      <Filter>Inc\Physics</Filter>
    </ClInclude>
    <ClInclude Include="inc\SectorFW\Physics\PhysicsContactListener.h">
      <Filter>Inc\Physics</Filter>
    </ClInclude>
    <ClInclude Include="inc\SectorFW\Physics\PhysicsDevice.h">
      <Filter>Inc\Physics</Filter>
    </ClInclude>
    <ClInclude Include="inc\SectorFW\Physics\PhysicsDevice_Util.h">
      <Filter>Inc\Physics</Filter>
    </ClInclude>
    <ClInclude Include="inc\SectorFW\Physics\PhysicsLayers.h">
      <Filter>Inc\Physics</Filter>
    </ClInclude>
    <ClInclude Include="inc\SectorFW\Physics\PhysicsService.h">
      <Filter>Inc\Physics</Filter>
    </ClInclude>
    <ClInclude Include="inc\SectorFW\Physics\PhysicsShapeManager.h">
      <Filter>Inc\Physics</Filter>
    </ClInclude>
    <ClInclude Include="inc\SectorFW\Physics\PhysicsSnapshot.h">
      <Filter>Inc\Physics</Filter>
    </ClInclude>
    <ClInclude Include="inc\SectorFW\Physics\PhysicsTypes.h">
      <Filter>Inc\Physics</Filter>
    </ClInclude>
    <ClInclude Include="inc\SectorFW\Math\AABB.hpp">
      <Filter>Inc\Math</Filter>
    </ClInclude>
    <ClInclude Include="inc\SectorFW\Math\convert.hpp">
      <Filter>Inc\Math</Filter>
    </ClInclude>
    <ClInclude Include="inc\SectorFW\Math\Matrix.hpp">
      <Filter>Inc\Math</Filter>
    </ClInclude>
    <ClInclude Include="inc\SectorFW\Math\Quaternion.hpp">
      <Filter>Inc\Math</Filter>
    </ClInclude>
    <ClInclude Include="inc\SectorFW\Math\Transform.hpp">
      <Filter>Inc\Math</Filter>
    </ClInclude>
    <ClInclude Include="inc\SectorFW\Math\Vector.hpp">
      <Filter>Inc\Math</Filter>
    </ClInclude>
    <ClInclude Include="inc\SectorFW\Input\InputDevice.hpp">
      <Filter>Inc\Input</Filter>
    </ClInclude>
    <ClInclude Include="inc\SectorFW\Input\WinInput.h">
      <Filter>Inc\Input</Filter>
    </ClInclude>
    <ClInclude Include="inc\SectorFW\Input\WinMouseInput.h">
      <Filter>Inc\Input</Filter>
    </ClInclude>
    <ClInclude Include="inc\SectorFW\DX11Graphics.h">
      <Filter>Inc\Header</Filter>
    </ClInclude>
    <ClInclude Include="inc\SectorFW\DX12Graphics.h">
      <Filter>Inc\Header</Filter>
    </ClInclude>
    <ClInclude Include="inc\SectorFW\sector11fw.h">
      <Filter>Inc\Header</Filter>
    </ClInclude>
    <ClInclude Include="inc\SectorFW\WindowHandler.h">
      <Filter>Inc\Header</Filter>
    </ClInclude>
    <ClInclude Include="inc\SectorFW\Graphics\convert_directX.hpp">
      <Filter>Inc\Graphics</Filter>
    </ClInclude>
    <ClInclude Include="inc\SectorFW\Graphics\I3DCameraService.h">
      <Filter>Inc\Graphics</Filter>
    </ClInclude>
    <ClInclude Include="inc\SectorFW\Graphics\IGraphicsDevice.hpp">
      <Filter>Inc\Graphics</Filter>
    </ClInclude>
    <ClInclude Include="inc\SectorFW\Graphics\RenderBackend.hpp">
      <Filter>Inc\Graphics</Filter>
    </ClInclude>
    <ClInclude Include="inc\SectorFW\Graphics\RenderGraph.hpp">
      <Filter>Inc\Graphics</Filter>
    </ClInclude>
    <ClInclude Include="inc\SectorFW\Graphics\RenderQueue.h">
      <Filter>Inc\Graphics</Filter>
    </ClInclude>
    <ClInclude Include="inc\SectorFW\Graphics\RenderService.h">
      <Filter>Inc\Graphics</Filter>
    </ClInclude>
    <ClInclude Include="inc\SectorFW\Graphics\RenderTypes.h">
      <Filter>Inc\Graphics</Filter>
    </ClInclude>
    <ClInclude Include="inc\SectorFW\Graphics\DX11\_dx11inc.h">
      <Filter>Inc\Graphics\DX11</Filter>
    </ClInclude>
    <ClInclude Include="inc\SectorFW\Graphics\DX11\DX11BufferManager.h">
      <Filter>Inc\Graphics\DX11</Filter>
    </ClInclude>
    <ClInclude Include="inc\SectorFW\Graphics\DX11\DX11MaterialManager.h">
      <Filter>Inc\Graphics\DX11</Filter>
    </ClInclude>
    <ClInclude Include="inc\SectorFW\Graphics\DX11\DX11MeshManager.h">
      <Filter>Inc\Graphics\DX11</Filter>
    </ClInclude>
    <ClInclude Include="inc\SectorFW\Graphics\DX11\DX11ModelAssetManager.h">
      <Filter>Inc\Graphics\DX11</Filter>
    </ClInclude>
    <ClInclude Include="inc\SectorFW\Graphics\DX11\DX11PSOManager.h">
      <Filter>Inc\Graphics\DX11</Filter>
    </ClInclude>
    <ClInclude Include="inc\SectorFW\Graphics\DX11\DX11RenderBackend.h">
      <Filter>Inc\Graphics\DX11</Filter>
    </ClInclude>
    <ClInclude Include="inc\SectorFW\Graphics\DX11\DX11SamplerManager.h">
      <Filter>Inc\Graphics\DX11</Filter>
    </ClInclude>
    <ClInclude Include="inc\SectorFW\Graphics\DX11\DX11TextureManager.h">
      <Filter>Inc\Graphics\DX11</Filter>
    </ClInclude>
    <ClInclude Include="inc\SectorFW\Graphics\DX11\DX113DCameraService.h">
      <Filter>Inc\Graphics\DX11</Filter>
    </ClInclude>
    <ClInclude Include="inc\SectorFW\Graphics\DX12\dx12inc.h">
      <Filter>Inc\Graphics\DX12</Filter>
    </ClInclude>
    <ClInclude Include="inc\SectorFW\Graphics\DX12\DX12RenderBackend.h">
      <Filter>Inc\Graphics\DX12</Filter>
    </ClInclude>
    <ClInclude Include="inc\SectorFW\Core\ECS\AccessInfo.h">
      <Filter>Inc\Core\ECS</Filter>
    </ClInclude>
    <ClInclude Include="inc\SectorFW\Core\ECS\Accessor.hpp">
      <Filter>Inc\Core\ECS</Filter>
    </ClInclude>
    <ClInclude Include="inc\SectorFW\Core\ECS\Archetype.h">
      <Filter>Inc\Core\ECS</Filter>
    </ClInclude>
    <ClInclude Include="inc\SectorFW\Core\ECS\ArchetypeChunk.h">
      <Filter>Inc\Core\ECS</Filter>
    </ClInclude>
    <ClInclude Include="inc\SectorFW\Core\ECS\ArchetypeManager.h">
      <Filter>Inc\Core\ECS</Filter>
    </ClInclude>
    <ClInclude Include="inc\SectorFW\Core\ECS\component.hpp">
      <Filter>Inc\Core\ECS</Filter>
    </ClInclude>
    <ClInclude Include="inc\SectorFW\Core\ECS\ComponentLayoutRegistry.h">
      <Filter>Inc\Core\ECS</Filter>
    </ClInclude>
    <ClInclude Include="inc\SectorFW\Core\ECS\ComponentTypeRegistry.h">
      <Filter>Inc\Core\ECS</Filter>
    </ClInclude>
    <ClInclude Include="inc\SectorFW\Core\ECS\entity.h">
      <Filter>Inc\Core\ECS</Filter>
    </ClInclude>
    <ClInclude Include="inc\SectorFW\Core\ECS\EntityIDAllocator.h">
      <Filter>Inc\Core\ECS</Filter>
    </ClInclude>
    <ClInclude Include="inc\SectorFW\Core\ECS\EntityManager.h">
      <Filter>Inc\Core\ECS</Filter>
    </ClInclude>
    <ClInclude Include="inc\SectorFW\Core\ECS\ISystem.hpp">
      <Filter>Inc\Core\ECS</Filter>
    </ClInclude>
    <ClInclude Include="inc\SectorFW\Core\ECS\ITypeSystem.hpp">
      <Filter>Inc\Core\ECS</Filter>
    </ClInclude>
    <ClInclude Include="inc\SectorFW\Core\ECS\Query.h">
      <Filter>Inc\Core\ECS</Filter>
    </ClInclude>
    <ClInclude Include="inc\SectorFW\Core\ECS\ServiceContext.hpp">
      <Filter>Inc\Core\ECS</Filter>
    </ClInclude>
    <ClInclude Include="inc\SectorFW\Core\ECS\ServiceLocator.h">
      <Filter>Inc\Core\ECS</Filter>
    </ClInclude>
    <ClInclude Include="inc\SectorFW\Core\ECS\SparseComponentStore.hpp">
      <Filter>Inc\Core\ECS</Filter>
    </ClInclude>
    <ClInclude Include="inc\SectorFW\Core\ECS\SystemScheduler.hpp">
      <Filter>Inc\Core\ECS</Filter>
    </ClInclude>
    <ClInclude Include="inc\SectorFW\Core\GameEngine.h">
      <Filter>Inc\Core</Filter>
    </ClInclude>
    <ClInclude Include="inc\SectorFW\Core\Grid2DPartition.h">
      <Filter>Inc\Core</Filter>
    </ClInclude>
    <ClInclude Include="inc\SectorFW\Core\Level.hpp">
      <Filter>Inc\Core</Filter>
    </ClInclude>
    <ClInclude Include="inc\SectorFW\Core\partition.hpp">
      <Filter>Inc\Core</Filter>
    </ClInclude>
    <ClInclude Include="inc\SectorFW\Core\SpatialChunk.h">
      <Filter>Inc\Core</Filter>
    </ClInclude>
    <ClInclude Include="inc\SectorFW\Core\World.hpp">
      <Filter>Inc\Core</Filter>
    </ClInclude>
    <ClInclude Include="inc\SectorFW\Util\AccessWrapper.hpp">
      <Filter>Inc\Util</Filter>
    </ClInclude>
    <ClInclude Include="inc\SectorFW\Util\alignment.h">
      <Filter>Inc\Util</Filter>
    </ClInclude>
    <ClInclude Include="inc\SectorFW\Util\CopyableAtomic.hpp">
      <Filter>Inc\Util</Filter>
    </ClInclude>
    <ClInclude Include="inc\SectorFW\Util\extract_type.hpp">
      <Filter>Inc\Util</Filter>
    </ClInclude>
    <ClInclude Include="inc\SectorFW\Util\Flatten.hpp">
      <Filter>Inc\Util</Filter>
    </ClInclude>
    <ClInclude Include="inc\SectorFW\Util\for_each_macro.hpp">
      <Filter>Inc\Util</Filter>
    </ClInclude>
    <ClInclude Include="inc\SectorFW\Util\FrameTimer.h">
      <Filter>Inc\Util</Filter>
    </ClInclude>
    <ClInclude Include="inc\SectorFW\Util\Grid.hpp">
      <Filter>Inc\Util</Filter>
    </ClInclude>
    <ClInclude Include="inc\SectorFW\Util\NonCopyable.h">
      <Filter>Inc\Util</Filter>
    </ClInclude>
    <ClInclude Include="inc\SectorFW\Util\OneOrMore.hpp">
      <Filter>Inc\Util</Filter>
    </ClInclude>
    <ClInclude Include="inc\SectorFW\Util\PathView.hpp">
      <Filter>Inc\Util</Filter>
    </ClInclude>
    <ClInclude Include="inc\SectorFW\Util\ResouceManagerBase.hpp">
      <Filter>Inc\Util</Filter>
    </ClInclude>
    <ClInclude Include="inc\SectorFW\Util\SpscRing.hpp">
      <Filter>Inc\Util</Filter>
    </ClInclude>
    <ClInclude Include="inc\SectorFW\Util\TypeChecker.hpp">
      <Filter>Inc\Util</Filter>
    </ClInclude>
    <ClInclude Include="inc\SectorFW\Util\UndeletablePtr.hpp">
      <Filter>Inc\Util</Filter>
    </ClInclude>
    <ClInclude Include="inc\SectorFW\Util\unique_variant.hpp">
      <Filter>Inc\Util</Filter>
    </ClInclude>
    <ClInclude Include="inc\SectorFW\Math\sx_math.h">
      <Filter>Inc\Math</Filter>
    </ClInclude>
    <ClInclude Include="inc\SectorFW\Core\SpatialChunkRegistryService.h">
      <Filter>Inc\Core</Filter>
    </ClInclude>
    <ClInclude Include="inc\SectorFW\Core\RegistryTypes.h">
      <Filter>Inc\Core</Filter>
    </ClInclude>
    <ClInclude Include="inc\SectorFW\Util\Morton.h">
      <Filter>Inc\Util</Filter>
    </ClInclude>
    <ClInclude Include="inc\SectorFW\Core\QuadTreePartition.h">
      <Filter>Inc\Core</Filter>
    </ClInclude>
    <ClInclude Include="inc\SectorFW\Math\Frustum.hpp">
      <Filter>Inc\Math</Filter>
    </ClInclude>
    <ClInclude Include="inc\SectorFW\Debug\GPUTimerD3D11.h">
      <Filter>Inc\Debug</Filter>
    </ClInclude>
    <ClInclude Include="inc\SectorFW\Debug\ImGuiBackend.h">
      <Filter>Inc\Debug</Filter>
    </ClInclude>
    <ClInclude Include="inc\SectorFW\Debug\ImGuiBackendDX11Win32.h">
      <Filter>Inc\Debug</Filter>
    </ClInclude>
    <ClInclude Include="inc\SectorFW\Debug\ImGuiLayer.h">
      <Filter>Inc\Debug</Filter>
    </ClInclude>
    <ClInclude Include="inc\SectorFW\Debug\PerfHUD.h">
      <Filter>Inc\Debug</Filter>
    </ClInclude>
    <ClInclude Include="inc\SectorFW\Debug\ProcessCpuUsageWin32.h">
      <Filter>Inc\Debug</Filter>
    </ClInclude>
    <ClInclude Include="inc\SectorFW\Debug\UIBus.h">
      <Filter>Inc\Debug</Filter>
    </ClInclude>
    <ClInclude Include="inc\SectorFW\Debug\DebugType.h">
      <Filter>Inc\Debug</Filter>
    </ClInclude>
    <ClInclude Include="inc\SectorFW\Core\OctreePartition.h">
      <Filter>Inc\Core</Filter>
    </ClInclude>
    <ClInclude Include="inc\SectorFW\Core\Grid3DPartition.h">
      <Filter>Inc\Core</Filter>
    </ClInclude>
    <ClInclude Include="inc\SectorFW\Debug\logger.h">
      <Filter>Inc\Debug</Filter>
    </ClInclude>
    <ClInclude Include="inc\SectorFW\SIMD\simd_detect.h">
      <Filter>Inc\SIMD</Filter>
    </ClInclude>
    <ClInclude Include="inc\SectorFW\SIMD\simd_api.h">
      <Filter>Inc\SIMD</Filter>
    </ClInclude>
    <ClInclude Include="inc\SectorFW\Graphics\RenderPass.hpp">
      <Filter>Inc\Graphics</Filter>
    </ClInclude>
    <ClInclude Include="inc\SectorFW\Util\function_trait.h">
      <Filter>Inc\Util</Filter>
    </ClInclude>
    <ClInclude Include="inc\SectorFW\Core\ChunkCrossingMove.hpp">
      <Filter>Inc\Core</Filter>
    </ClInclude>
    <ClInclude Include="inc\SectorFW\Core\ECS\SparseMarge.hpp">
      <Filter>Inc\Core\ECS</Filter>
    </ClInclude>
    <ClInclude Include="inc\SectorFW\Graphics\DX11\DX11ShaderManager.h">
      <Filter>Inc\Graphics\DX11</Filter>
    </ClInclude>
    <ClInclude Include="inc\SectorFW\Math\aabb_util.h">
      <Filter>Inc\Math</Filter>
    </ClInclude>
    <ClInclude Include="inc\SectorFW\Math\Rectangle.hpp">
      <Filter>Inc\Math</Filter>
    </ClInclude>
    <ClInclude Include="inc\SectorFW\Graphics\I2DCameraService.h">
      <Filter>Inc\Graphics</Filter>
    </ClInclude>
    <ClInclude Include="inc\SectorFW\Math\BoundingSphere.hpp">
      <Filter>Inc\Math</Filter>
    </ClInclude>
    <ClInclude Include="inc\SectorFW\Graphics\DX11\DX112DCameraService.h">
      <Filter>Inc\Graphics\DX11</Filter>
    </ClInclude>
    <ClInclude Include="inc\SectorFW\Graphics\OccluderToolkit.h">
      <Filter>Inc\Graphics</Filter>
    </ClInclude>
    <ClInclude Include="inc\SectorFW\Core\build_order.h">
      <Filter>Inc\Core</Filter>
    </ClInclude>
    <ClInclude Include="inc\SectorFW\Graphics\LODPolicy.h">
      <Filter>Inc\Graphics</Filter>
    </ClInclude>
    <ClInclude Include="inc\SectorFW\DX11WinTerrainHelper.h">
      <Filter>Inc\Header</Filter>
    </ClInclude>
    <ClInclude Include="inc\SectorFW\Math\Perlin2D.h">
      <Filter>Inc\Math</Filter>
    </ClInclude>
    <ClInclude Include="inc\SectorFW\Graphics\DX11\DX11ClusterPipeline.h">
      <Filter>Inc\Graphics\DX11</Filter>
    </ClInclude>
    <ClInclude Include="inc\SectorFW\Graphics\TerrainService.h">
      <Filter>Inc\Graphics</Filter>
    </ClInclude>
  </ItemGroup>
  <ItemGroup>
    <ClCompile Include="src\Utility\doxygen_sample.cpp">
      <Filter>Src\Utility</Filter>
    </ClCompile>
    <ClCompile Include="src\Core\WindowHandler.cpp">
      <Filter>Src\Core</Filter>
    </ClCompile>
    <ClCompile Include="src\Utility\pch.cpp">
      <Filter>Src\Utility</Filter>
    </ClCompile>
    <ClCompile Include="src\Graphics\DX11Graphics.cpp">
      <Filter>Src\Graphics</Filter>
    </ClCompile>
    <ClCompile Include="src\Core\EntityManager.cpp">
      <Filter>Src\Core</Filter>
    </ClCompile>
    <ClCompile Include="src\Core\ArchetypeManager.cpp">
      <Filter>Src\Core</Filter>
    </ClCompile>
    <ClCompile Include="src\Core\ArchetypeChunk.cpp">
      <Filter>Src\Core</Filter>
    </ClCompile>
    <ClCompile Include="src\Utility\message.cpp">
      <Filter>Src\Utility</Filter>
    </ClCompile>
    <ClCompile Include="src\Core\ComponentTypeRegistry.cpp">
      <Filter>Src\Core</Filter>
    </ClCompile>
    <ClCompile Include="src\Graphics\DX12Graphics.cpp">
      <Filter>Src\Graphics</Filter>
    </ClCompile>
    <ClCompile Include="src\Core\GameEngine.cpp">
      <Filter>Src\Core</Filter>
    </ClCompile>
    <ClCompile Include="src\Core\ComponentLayoutRegistry.cpp">
      <Filter>Src\Core</Filter>
    </ClCompile>
    <ClCompile Include="src\Graphics\DX11RenderBackend.cpp">
      <Filter>Src\Graphics</Filter>
    </ClCompile>
    <ClCompile Include="src\Graphics\DX11MaterialManager.cpp">
      <Filter>Src\Graphics</Filter>
    </ClCompile>
    <ClCompile Include="src\Graphics\DX11ShaderManager.cpp">
      <Filter>Src\Graphics</Filter>
    </ClCompile>
    <ClCompile Include="src\Graphics\DX11MeshManager.cpp">
      <Filter>Src\Graphics</Filter>
    </ClCompile>
    <ClCompile Include="src\Graphics\DX11ModelAssetManager.cpp">
      <Filter>Src\Graphics</Filter>
    </ClCompile>
    <ClCompile Include="src\Graphics\DX11TextureManager.cpp">
      <Filter>Src\Graphics</Filter>
    </ClCompile>
    <ClCompile Include="src\Graphics\DX11PSOManager.cpp">
      <Filter>Src\Graphics</Filter>
    </ClCompile>
    <ClCompile Include="src\Input\WinMouseInput.cpp">
      <Filter>Src\Input</Filter>
    </ClCompile>
    <ClCompile Include="src\Physics\PhysicsDevice.cpp">
      <Filter>Src\Physics</Filter>
    </ClCompile>
    <ClCompile Include="third_party\Jolt\RegisterTypes.cpp">
      <Filter>Inc\Physics\Jolt</Filter>
    </ClCompile>
    <ClCompile Include="third_party\Jolt\Core\TickCounter.cpp">
      <Filter>Inc\Physics\Jolt\Core</Filter>
    </ClCompile>
    <ClCompile Include="third_party\Jolt\Core\StringTools.cpp">
      <Filter>Inc\Physics\Jolt\Core</Filter>
    </ClCompile>
    <ClCompile Include="third_party\Jolt\Core\Semaphore.cpp">
      <Filter>Inc\Physics\Jolt\Core</Filter>
    </ClCompile>
    <ClCompile Include="third_party\Jolt\Core\RTTI.cpp">
      <Filter>Inc\Physics\Jolt\Core</Filter>
    </ClCompile>
    <ClCompile Include="third_party\Jolt\Core\Profiler.cpp">
      <Filter>Inc\Physics\Jolt\Core</Filter>
    </ClCompile>
    <ClCompile Include="third_party\Jolt\Core\Memory.cpp">
      <Filter>Inc\Physics\Jolt\Core</Filter>
    </ClCompile>
    <ClCompile Include="third_party\Jolt\Core\LinearCurve.cpp">
      <Filter>Inc\Physics\Jolt\Core</Filter>
    </ClCompile>
    <ClCompile Include="third_party\Jolt\Core\JobSystemWithBarrier.cpp">
      <Filter>Inc\Physics\Jolt\Core</Filter>
    </ClCompile>
    <ClCompile Include="third_party\Jolt\Core\JobSystemThreadPool.cpp">
      <Filter>Inc\Physics\Jolt\Core</Filter>
    </ClCompile>
    <ClCompile Include="third_party\Jolt\Core\JobSystemSingleThreaded.cpp">
      <Filter>Inc\Physics\Jolt\Core</Filter>
    </ClCompile>
    <ClCompile Include="third_party\Jolt\Core\IssueReporting.cpp">
      <Filter>Inc\Physics\Jolt\Core</Filter>
    </ClCompile>
    <ClCompile Include="third_party\Jolt\Core\Factory.cpp">
      <Filter>Inc\Physics\Jolt\Core</Filter>
    </ClCompile>
    <ClCompile Include="third_party\Jolt\Core\Color.cpp">
      <Filter>Inc\Physics\Jolt\Core</Filter>
    </ClCompile>
    <ClCompile Include="third_party\Jolt\Math\Vec3.cpp">
      <Filter>Inc\Physics\Jolt\Math</Filter>
    </ClCompile>
    <ClCompile Include="third_party\Jolt\Physics\Vehicle\Wheel.cpp">
      <Filter>Inc\Physics\Jolt\Physics</Filter>
    </ClCompile>
    <ClCompile Include="third_party\Jolt\Physics\Vehicle\WheeledVehicleController.cpp">
      <Filter>Inc\Physics\Jolt\Physics</Filter>
    </ClCompile>
    <ClCompile Include="third_party\Jolt\Physics\Vehicle\VehicleTransmission.cpp">
      <Filter>Inc\Physics\Jolt\Physics</Filter>
    </ClCompile>
    <ClCompile Include="third_party\Jolt\Physics\Vehicle\VehicleEngine.cpp">
      <Filter>Inc\Physics\Jolt\Physics</Filter>
    </ClCompile>
    <ClCompile Include="third_party\Jolt\Physics\Vehicle\VehicleTrack.cpp">
      <Filter>Inc\Physics\Jolt\Physics</Filter>
    </ClCompile>
    <ClCompile Include="third_party\Jolt\Physics\Vehicle\VehicleController.cpp">
      <Filter>Inc\Physics\Jolt\Physics</Filter>
    </ClCompile>
    <ClCompile Include="third_party\Jolt\Physics\Vehicle\VehicleDifferential.cpp">
      <Filter>Inc\Physics\Jolt\Physics</Filter>
    </ClCompile>
    <ClCompile Include="third_party\Jolt\Physics\Vehicle\VehicleConstraint.cpp">
      <Filter>Inc\Physics\Jolt\Physics</Filter>
    </ClCompile>
    <ClCompile Include="third_party\Jolt\Physics\Vehicle\VehicleAntiRollBar.cpp">
      <Filter>Inc\Physics\Jolt\Physics</Filter>
    </ClCompile>
    <ClCompile Include="third_party\Jolt\Physics\Vehicle\VehicleCollisionTester.cpp">
      <Filter>Inc\Physics\Jolt\Physics</Filter>
    </ClCompile>
    <ClCompile Include="third_party\Jolt\Physics\Vehicle\MotorcycleController.cpp">
      <Filter>Inc\Physics\Jolt\Physics</Filter>
    </ClCompile>
    <ClCompile Include="third_party\Jolt\Physics\Vehicle\TrackedVehicleController.cpp">
      <Filter>Inc\Physics\Jolt\Physics</Filter>
    </ClCompile>
    <ClCompile Include="third_party\Jolt\Physics\SoftBody\SoftBodySharedSettings.cpp">
      <Filter>Inc\Physics\Jolt\Physics</Filter>
    </ClCompile>
    <ClCompile Include="third_party\Jolt\Physics\SoftBody\SoftBodyMotionProperties.cpp">
      <Filter>Inc\Physics\Jolt\Physics</Filter>
    </ClCompile>
    <ClCompile Include="third_party\Jolt\Physics\SoftBody\SoftBodyShape.cpp">
      <Filter>Inc\Physics\Jolt\Physics</Filter>
    </ClCompile>
    <ClCompile Include="third_party\Jolt\Physics\SoftBody\SoftBodyCreationSettings.cpp">
      <Filter>Inc\Physics\Jolt\Physics</Filter>
    </ClCompile>
    <ClCompile Include="third_party\Jolt\Physics\Ragdoll\Ragdoll.cpp">
      <Filter>Inc\Physics\Jolt\Physics</Filter>
    </ClCompile>
    <ClCompile Include="third_party\Jolt\Physics\Constraints\SwingTwistConstraint.cpp">
      <Filter>Inc\Physics\Jolt\Physics</Filter>
    </ClCompile>
    <ClCompile Include="third_party\Jolt\Physics\Constraints\TwoBodyConstraint.cpp">
      <Filter>Inc\Physics\Jolt\Physics</Filter>
    </ClCompile>
    <ClCompile Include="third_party\Jolt\Physics\Constraints\SpringSettings.cpp">
      <Filter>Inc\Physics\Jolt\Physics</Filter>
    </ClCompile>
    <ClCompile Include="third_party\Jolt\Physics\Constraints\SixDOFConstraint.cpp">
      <Filter>Inc\Physics\Jolt\Physics</Filter>
    </ClCompile>
    <ClCompile Include="third_party\Jolt\Physics\Constraints\SliderConstraint.cpp">
      <Filter>Inc\Physics\Jolt\Physics</Filter>
    </ClCompile>
    <ClCompile Include="third_party\Jolt\Physics\Constraints\RackAndPinionConstraint.cpp">
      <Filter>Inc\Physics\Jolt\Physics</Filter>
    </ClCompile>
    <ClCompile Include="third_party\Jolt\Physics\Constraints\PointConstraint.cpp">
      <Filter>Inc\Physics\Jolt\Physics</Filter>
    </ClCompile>
    <ClCompile Include="third_party\Jolt\Physics\Constraints\PulleyConstraint.cpp">
      <Filter>Inc\Physics\Jolt\Physics</Filter>
    </ClCompile>
    <ClCompile Include="third_party\Jolt\Physics\Constraints\PathConstraintPathHermite.cpp">
      <Filter>Inc\Physics\Jolt\Physics</Filter>
    </ClCompile>
    <ClCompile Include="third_party\Jolt\Physics\Constraints\PathConstraintPath.cpp">
      <Filter>Inc\Physics\Jolt\Physics</Filter>
    </ClCompile>
    <ClCompile Include="third_party\Jolt\Physics\Constraints\PathConstraint.cpp">
      <Filter>Inc\Physics\Jolt\Physics</Filter>
    </ClCompile>
    <ClCompile Include="third_party\Jolt\Physics\Constraints\MotorSettings.cpp">
      <Filter>Inc\Physics\Jolt\Physics</Filter>
    </ClCompile>
    <ClCompile Include="third_party\Jolt\Physics\Constraints\HingeConstraint.cpp">
      <Filter>Inc\Physics\Jolt\Physics</Filter>
    </ClCompile>
    <ClCompile Include="third_party\Jolt\Physics\Constraints\GearConstraint.cpp">
      <Filter>Inc\Physics\Jolt\Physics</Filter>
    </ClCompile>
    <ClCompile Include="third_party\Jolt\Physics\Constraints\FixedConstraint.cpp">
      <Filter>Inc\Physics\Jolt\Physics</Filter>
    </ClCompile>
    <ClCompile Include="third_party\Jolt\Physics\Constraints\ContactConstraintManager.cpp">
      <Filter>Inc\Physics\Jolt\Physics</Filter>
    </ClCompile>
    <ClCompile Include="third_party\Jolt\Physics\Constraints\DistanceConstraint.cpp">
      <Filter>Inc\Physics\Jolt\Physics</Filter>
    </ClCompile>
    <ClCompile Include="third_party\Jolt\Physics\Constraints\ConstraintManager.cpp">
      <Filter>Inc\Physics\Jolt\Physics</Filter>
    </ClCompile>
    <ClCompile Include="third_party\Jolt\Physics\Constraints\Constraint.cpp">
      <Filter>Inc\Physics\Jolt\Physics</Filter>
    </ClCompile>
    <ClCompile Include="third_party\Jolt\Physics\Constraints\ConeConstraint.cpp">
      <Filter>Inc\Physics\Jolt\Physics</Filter>
    </ClCompile>
    <ClCompile Include="third_party\Jolt\Physics\Collision\Shape\TriangleShape.cpp">
      <Filter>Inc\Physics\Jolt\Physics</Filter>
    </ClCompile>
    <ClCompile Include="third_party\Jolt\Physics\Collision\Shape\TaperedCylinderShape.cpp">
      <Filter>Inc\Physics\Jolt\Physics</Filter>
    </ClCompile>
    <ClCompile Include="third_party\Jolt\Physics\Collision\Shape\TaperedCapsuleShape.cpp">
      <Filter>Inc\Physics\Jolt\Physics</Filter>
    </ClCompile>
    <ClCompile Include="third_party\Jolt\Physics\Collision\Shape\SphereShape.cpp">
      <Filter>Inc\Physics\Jolt\Physics</Filter>
    </ClCompile>
    <ClCompile Include="third_party\Jolt\Physics\Collision\Shape\StaticCompoundShape.cpp">
      <Filter>Inc\Physics\Jolt\Physics</Filter>
    </ClCompile>
    <ClCompile Include="third_party\Jolt\Physics\Collision\Shape\Shape.cpp">
      <Filter>Inc\Physics\Jolt\Physics</Filter>
    </ClCompile>
    <ClCompile Include="third_party\Jolt\Physics\Collision\Shape\ScaledShape.cpp">
      <Filter>Inc\Physics\Jolt\Physics</Filter>
    </ClCompile>
    <ClCompile Include="third_party\Jolt\Physics\Collision\Shape\RotatedTranslatedShape.cpp">
      <Filter>Inc\Physics\Jolt\Physics</Filter>
    </ClCompile>
    <ClCompile Include="third_party\Jolt\Physics\Collision\Shape\PlaneShape.cpp">
      <Filter>Inc\Physics\Jolt\Physics</Filter>
    </ClCompile>
    <ClCompile Include="third_party\Jolt\Physics\Collision\Shape\OffsetCenterOfMassShape.cpp">
      <Filter>Inc\Physics\Jolt\Physics</Filter>
    </ClCompile>
    <ClCompile Include="third_party\Jolt\Physics\Collision\Shape\MutableCompoundShape.cpp">
      <Filter>Inc\Physics\Jolt\Physics</Filter>
    </ClCompile>
    <ClCompile Include="third_party\Jolt\Physics\Collision\Shape\MeshShape.cpp">
      <Filter>Inc\Physics\Jolt\Physics</Filter>
    </ClCompile>
    <ClCompile Include="third_party\Jolt\Physics\Collision\Shape\HeightFieldShape.cpp">
      <Filter>Inc\Physics\Jolt\Physics</Filter>
    </ClCompile>
    <ClCompile Include="third_party\Jolt\Physics\Collision\Shape\EmptyShape.cpp">
      <Filter>Inc\Physics\Jolt\Physics</Filter>
    </ClCompile>
    <ClCompile Include="third_party\Jolt\Physics\Collision\Shape\DecoratedShape.cpp">
      <Filter>Inc\Physics\Jolt\Physics</Filter>
    </ClCompile>
    <ClCompile Include="third_party\Jolt\Physics\Collision\Shape\CylinderShape.cpp">
      <Filter>Inc\Physics\Jolt\Physics</Filter>
    </ClCompile>
    <ClCompile Include="third_party\Jolt\Physics\Collision\Shape\ConvexShape.cpp">
      <Filter>Inc\Physics\Jolt\Physics</Filter>
    </ClCompile>
    <ClCompile Include="third_party\Jolt\Physics\Collision\Shape\ConvexHullShape.cpp">
      <Filter>Inc\Physics\Jolt\Physics</Filter>
    </ClCompile>
    <ClCompile Include="third_party\Jolt\Physics\Collision\Shape\CapsuleShape.cpp">
      <Filter>Inc\Physics\Jolt\Physics</Filter>
    </ClCompile>
    <ClCompile Include="third_party\Jolt\Physics\Collision\Shape\CompoundShape.cpp">
      <Filter>Inc\Physics\Jolt\Physics</Filter>
    </ClCompile>
    <ClCompile Include="third_party\Jolt\Physics\Collision\Shape\BoxShape.cpp">
      <Filter>Inc\Physics\Jolt\Physics</Filter>
    </ClCompile>
    <ClCompile Include="third_party\Jolt\Physics\Collision\BroadPhase\QuadTree.cpp">
      <Filter>Inc\Physics\Jolt\Physics</Filter>
    </ClCompile>
    <ClCompile Include="third_party\Jolt\Physics\Collision\BroadPhase\BroadPhaseQuadTree.cpp">
      <Filter>Inc\Physics\Jolt\Physics</Filter>
    </ClCompile>
    <ClCompile Include="third_party\Jolt\Physics\Collision\BroadPhase\BroadPhaseBruteForce.cpp">
      <Filter>Inc\Physics\Jolt\Physics</Filter>
    </ClCompile>
    <ClCompile Include="third_party\Jolt\Physics\Collision\BroadPhase\BroadPhase.cpp">
      <Filter>Inc\Physics\Jolt\Physics</Filter>
    </ClCompile>
    <ClCompile Include="third_party\Jolt\Physics\Collision\TransformedShape.cpp">
      <Filter>Inc\Physics\Jolt\Physics</Filter>
    </ClCompile>
    <ClCompile Include="third_party\Jolt\Physics\Collision\PhysicsMaterial.cpp">
      <Filter>Inc\Physics\Jolt\Physics</Filter>
    </ClCompile>
    <ClCompile Include="third_party\Jolt\Physics\Collision\PhysicsMaterialSimple.cpp">
      <Filter>Inc\Physics\Jolt\Physics</Filter>
    </ClCompile>
    <ClCompile Include="third_party\Jolt\Physics\Collision\NarrowPhaseStats.cpp">
      <Filter>Inc\Physics\Jolt\Physics</Filter>
    </ClCompile>
    <ClCompile Include="third_party\Jolt\Physics\Collision\NarrowPhaseQuery.cpp">
      <Filter>Inc\Physics\Jolt\Physics</Filter>
    </ClCompile>
    <ClCompile Include="third_party\Jolt\Physics\Collision\ManifoldBetweenTwoFaces.cpp">
      <Filter>Inc\Physics\Jolt\Physics</Filter>
    </ClCompile>
    <ClCompile Include="third_party\Jolt\Physics\Collision\GroupFilterTable.cpp">
      <Filter>Inc\Physics\Jolt\Physics</Filter>
    </ClCompile>
    <ClCompile Include="third_party\Jolt\Physics\Collision\GroupFilter.cpp">
      <Filter>Inc\Physics\Jolt\Physics</Filter>
    </ClCompile>
    <ClCompile Include="third_party\Jolt\Physics\Collision\EstimateCollisionResponse.cpp">
      <Filter>Inc\Physics\Jolt\Physics</Filter>
    </ClCompile>
    <ClCompile Include="third_party\Jolt\Physics\Collision\CollisionGroup.cpp">
      <Filter>Inc\Physics\Jolt\Physics</Filter>
    </ClCompile>
    <ClCompile Include="third_party\Jolt\Physics\Collision\CollisionDispatch.cpp">
      <Filter>Inc\Physics\Jolt\Physics</Filter>
    </ClCompile>
    <ClCompile Include="third_party\Jolt\Physics\Collision\CollideSphereVsTriangles.cpp">
      <Filter>Inc\Physics\Jolt\Physics</Filter>
    </ClCompile>
    <ClCompile Include="third_party\Jolt\Physics\Collision\CollideConvexVsTriangles.cpp">
      <Filter>Inc\Physics\Jolt\Physics</Filter>
    </ClCompile>
    <ClCompile Include="third_party\Jolt\Physics\Collision\CastSphereVsTriangles.cpp">
      <Filter>Inc\Physics\Jolt\Physics</Filter>
    </ClCompile>
    <ClCompile Include="third_party\Jolt\Physics\Collision\CastConvexVsTriangles.cpp">
      <Filter>Inc\Physics\Jolt\Physics</Filter>
    </ClCompile>
    <ClCompile Include="third_party\Jolt\Physics\Character\CharacterVirtual.cpp">
      <Filter>Inc\Physics\Jolt\Physics</Filter>
    </ClCompile>
    <ClCompile Include="third_party\Jolt\Physics\Character\CharacterBase.cpp">
      <Filter>Inc\Physics\Jolt\Physics</Filter>
    </ClCompile>
    <ClCompile Include="third_party\Jolt\Physics\Character\Character.cpp">
      <Filter>Inc\Physics\Jolt\Physics</Filter>
    </ClCompile>
    <ClCompile Include="third_party\Jolt\Physics\Body\MassProperties.cpp">
      <Filter>Inc\Physics\Jolt\Physics</Filter>
    </ClCompile>
    <ClCompile Include="third_party\Jolt\Physics\Body\MotionProperties.cpp">
      <Filter>Inc\Physics\Jolt\Physics</Filter>
    </ClCompile>
    <ClCompile Include="third_party\Jolt\Physics\Body\BodyManager.cpp">
      <Filter>Inc\Physics\Jolt\Physics</Filter>
    </ClCompile>
    <ClCompile Include="third_party\Jolt\Physics\Body\BodyInterface.cpp">
      <Filter>Inc\Physics\Jolt\Physics</Filter>
    </ClCompile>
    <ClCompile Include="third_party\Jolt\Physics\Body\BodyCreationSettings.cpp">
      <Filter>Inc\Physics\Jolt\Physics</Filter>
    </ClCompile>
    <ClCompile Include="third_party\Jolt\Physics\Body\Body.cpp">
      <Filter>Inc\Physics\Jolt\Physics</Filter>
    </ClCompile>
    <ClCompile Include="third_party\Jolt\Physics\StateRecorderImpl.cpp">
      <Filter>Inc\Physics\Jolt\Physics</Filter>
    </ClCompile>
    <ClCompile Include="third_party\Jolt\Physics\PhysicsUpdateContext.cpp">
      <Filter>Inc\Physics\Jolt\Physics</Filter>
    </ClCompile>
    <ClCompile Include="third_party\Jolt\Physics\PhysicsSystem.cpp">
      <Filter>Inc\Physics\Jolt\Physics</Filter>
    </ClCompile>
    <ClCompile Include="third_party\Jolt\Physics\PhysicsScene.cpp">
      <Filter>Inc\Physics\Jolt\Physics</Filter>
    </ClCompile>
    <ClCompile Include="third_party\Jolt\Physics\LargeIslandSplitter.cpp">
      <Filter>Inc\Physics\Jolt\Physics</Filter>
    </ClCompile>
    <ClCompile Include="third_party\Jolt\Physics\IslandBuilder.cpp">
      <Filter>Inc\Physics\Jolt\Physics</Filter>
    </ClCompile>
    <ClCompile Include="third_party\Jolt\Physics\DeterminismLog.cpp">
      <Filter>Inc\Physics\Jolt\Physics</Filter>
    </ClCompile>
    <ClCompile Include="third_party\Jolt\ObjectStream\TypeDeclarations.cpp">
      <Filter>Inc\Physics\Jolt\ObjectStream</Filter>
    </ClCompile>
    <ClCompile Include="third_party\Jolt\ObjectStream\SerializableObject.cpp">
      <Filter>Inc\Physics\Jolt\ObjectStream</Filter>
    </ClCompile>
    <ClCompile Include="third_party\Jolt\ObjectStream\ObjectStreamTextOut.cpp">
      <Filter>Inc\Physics\Jolt\ObjectStream</Filter>
    </ClCompile>
    <ClCompile Include="third_party\Jolt\ObjectStream\ObjectStreamTextIn.cpp">
      <Filter>Inc\Physics\Jolt\ObjectStream</Filter>
    </ClCompile>
    <ClCompile Include="third_party\Jolt\ObjectStream\ObjectStreamOut.cpp">
      <Filter>Inc\Physics\Jolt\ObjectStream</Filter>
    </ClCompile>
    <ClCompile Include="third_party\Jolt\ObjectStream\ObjectStreamIn.cpp">
      <Filter>Inc\Physics\Jolt\ObjectStream</Filter>
    </ClCompile>
    <ClCompile Include="third_party\Jolt\ObjectStream\ObjectStreamBinaryOut.cpp">
      <Filter>Inc\Physics\Jolt\ObjectStream</Filter>
    </ClCompile>
    <ClCompile Include="third_party\Jolt\ObjectStream\ObjectStreamBinaryIn.cpp">
      <Filter>Inc\Physics\Jolt\ObjectStream</Filter>
    </ClCompile>
    <ClCompile Include="third_party\Jolt\ObjectStream\ObjectStream.cpp">
      <Filter>Inc\Physics\Jolt\ObjectStream</Filter>
    </ClCompile>
    <ClCompile Include="third_party\Jolt\AABBTree\AABBTreeBuilder.cpp">
      <Filter>Inc\Physics\Jolt\AABBTree</Filter>
    </ClCompile>
    <ClCompile Include="third_party\Jolt\Skeleton\SkeletonPose.cpp">
      <Filter>Inc\Physics\Jolt\Skeleton</Filter>
    </ClCompile>
    <ClCompile Include="third_party\Jolt\Skeleton\Skeleton.cpp">
      <Filter>Inc\Physics\Jolt\Skeleton</Filter>
    </ClCompile>
    <ClCompile Include="third_party\Jolt\Skeleton\SkeletonMapper.cpp">
      <Filter>Inc\Physics\Jolt\Skeleton</Filter>
    </ClCompile>
    <ClCompile Include="third_party\Jolt\Skeleton\SkeletalAnimation.cpp">
      <Filter>Inc\Physics\Jolt\Skeleton</Filter>
    </ClCompile>
    <ClCompile Include="third_party\Jolt\Geometry\OrientedBox.cpp">
      <Filter>Inc\Physics\Jolt\Geometry</Filter>
    </ClCompile>
    <ClCompile Include="third_party\Jolt\Geometry\Indexify.cpp">
      <Filter>Inc\Physics\Jolt\Geometry</Filter>
    </ClCompile>
    <ClCompile Include="third_party\Jolt\Geometry\ConvexHullBuilder.cpp">
      <Filter>Inc\Physics\Jolt\Geometry</Filter>
    </ClCompile>
    <ClCompile Include="third_party\Jolt\Geometry\ConvexHullBuilder2D.cpp">
      <Filter>Inc\Physics\Jolt\Geometry</Filter>
    </ClCompile>
    <ClCompile Include="third_party\Jolt\TriangleSplitter\TriangleSplitterBinning.cpp">
      <Filter>Inc\Physics\Jolt\TriangleSplitter</Filter>
    </ClCompile>
    <ClCompile Include="third_party\Jolt\TriangleSplitter\TriangleSplitterMean.cpp">
      <Filter>Inc\Physics\Jolt\TriangleSplitter</Filter>
    </ClCompile>
    <ClCompile Include="third_party\Jolt\TriangleSplitter\TriangleSplitter.cpp">
      <Filter>Inc\Physics\Jolt\TriangleSplitter</Filter>
    </ClCompile>
    <ClCompile Include="external\imgui\imgui_impl_win32.cpp">
      <Filter>Inc\Debug\imgui</Filter>
    </ClCompile>
    <ClCompile Include="external\imgui\imgui_impl_dx11.cpp">
      <Filter>Inc\Debug\imgui</Filter>
    </ClCompile>
    <ClCompile Include="external\imgui\imgui_widgets.cpp">
      <Filter>Inc\Debug\imgui</Filter>
    </ClCompile>
    <ClCompile Include="external\imgui\imgui_tables.cpp">
      <Filter>Inc\Debug\imgui</Filter>
    </ClCompile>
    <ClCompile Include="external\imgui\imgui_draw.cpp">
      <Filter>Inc\Debug\imgui</Filter>
    </ClCompile>
    <ClCompile Include="external\imgui\imgui_demo.cpp">
      <Filter>Inc\Debug\imgui</Filter>
    </ClCompile>
    <ClCompile Include="external\imgui\imgui.cpp">
      <Filter>Inc\Debug\imgui</Filter>
    </ClCompile>
    <ClCompile Include="src\Graphics\RenderQueue.cpp">
      <Filter>Src\Graphics</Filter>
    </ClCompile>
    <ClCompile Include="src\Debug\ImGuiLayer.cpp">
      <Filter>Src\Debug</Filter>
    </ClCompile>
    <ClCompile Include="src\Debug\PerfHUD.cpp">
      <Filter>Src\Debug</Filter>
    </ClCompile>
    <ClCompile Include="src\Debug\UIBus.cpp">
      <Filter>Src\Debug</Filter>
    </ClCompile>
    <ClCompile Include="src\SIMD\simd_base.cpp">
      <Filter>Src\SIMD</Filter>
    </ClCompile>
    <ClCompile Include="src\SIMD\simd_avx2.cpp">
      <Filter>Src\SIMD</Filter>
    </ClCompile>
    <ClCompile Include="src\SIMD\simd_init.cpp">
      <Filter>Src\SIMD</Filter>
    </ClCompile>
    <ClCompile Include="external\MOC\MaskedOcclusionCullingAVX2.cpp">
      <Filter>Src\Graphics\MOC</Filter>
    </ClCompile>
    <ClCompile Include="external\MOC\MaskedOcclusionCullingAVX512.cpp">
      <Filter>Src\Graphics\MOC</Filter>
    </ClCompile>
    <ClCompile Include="external\MOC\MaskedOcclusionCulling.cpp">
      <Filter>Src\Graphics\MOC</Filter>
    </ClCompile>
    <ClCompile Include="external\MOC\FrameRecorder.cpp">
      <Filter>Src\Graphics\MOC</Filter>
    </ClCompile>
    <ClCompile Include="external\MOC\CullingThreadpool.cpp">
      <Filter>Src\Graphics\MOC</Filter>
    </ClCompile>
    <ClCompile Include="src\Graphics\OccluderToolkit.cpp">
      <Filter>Src\Graphics</Filter>
    </ClCompile>
    <ClCompile Include="src\Graphics\LODPolicy.cpp">
      <Filter>Src\Graphics</Filter>
    </ClCompile>
    <ClCompile Include="src\Graphics\DX11ClusterPipeline.cpp">
      <Filter>Src\Graphics</Filter>
    </ClCompile>
    <ClCompile Include="src\Graphics\TerrainService.cpp">
      <Filter>Src\Graphics</Filter>
    </ClCompile>
  </ItemGroup>
  <ItemGroup>
    <None Include="docs\NamingConventions.md" />
  </ItemGroup>
</Project>