<?xml version="1.0" encoding="utf-8"?>
<Project ToolsVersion="4.0" xmlns="http://schemas.microsoft.com/developer/msbuild/2003">
  <ItemGroup>
    <Filter Include="System">
      <UniqueIdentifier>{93995380-89BD-4b04-88EB-625FBE52EBFB}</UniqueIdentifier>
      <Extensions>h;hh;hpp;hxx;h++;hm;inl;inc;ipp;xsd</Extensions>
    </Filter>
    <Filter Include="App">
      <UniqueIdentifier>{4FC737F1-C7A5-4376-A066-2A32D752A2FF}</UniqueIdentifier>
      <Extensions>cpp;c;cc;cxx;c++;cppm;ixx;def;odl;idl;hpj;bat;asm;asmx</Extensions>
    </Filter>
    <Filter Include="Shader">
      <UniqueIdentifier>{67DA6AB6-F800-4c08-8B7A-83BB121AAD01}</UniqueIdentifier>
      <Extensions>rc;ico;cur;bmp;dlg;rc2;rct;bin;rgs;gif;jpg;jpeg;jpe;resx;tiff;tif;png;wav;mfcribbon-ms</Extensions>
    </Filter>
  </ItemGroup>
  <ItemGroup>
    <ClCompile Include="system\DebugRenderSystem.cpp">
      <Filter>System</Filter>
    </ClCompile>
    <ClCompile Include="app\main.cpp">
      <Filter>App</Filter>
    </ClCompile>
    <ClCompile Include="app\stdafx.cpp">
      <Filter>App</Filter>
    </ClCompile>
    <ClCompile Include="app\FireflyService.cpp">
      <Filter>App</Filter>
    </ClCompile>
    <ClCompile Include="app\FireflyParticlePool.cpp">
      <Filter>App</Filter>
    </ClCompile>
    <ClCompile Include="app\DebugRenderType.cpp">
      <Filter>App</Filter>
    </ClCompile>
  </ItemGroup>
  <ItemGroup>
    <FxCompile Include="shader\VS_ClipUV.hlsl">
      <Filter>Shader</Filter>
    </FxCompile>
    <FxCompile Include="shader\PS_Opaque.hlsl">
      <Filter>Shader</Filter>
    </FxCompile>
    <FxCompile Include="shader\PS_DrawLineList.hlsl">
      <Filter>Shader</Filter>
    </FxCompile>
    <FxCompile Include="shader\VS_DrawLineList.hlsl">
      <Filter>Shader</Filter>
    </FxCompile>
    <FxCompile Include="shader\PS_Color.hlsl">
      <Filter>Shader</Filter>
    </FxCompile>
    <FxCompile Include="shader\VS_NDCLine.hlsl">
      <Filter>Shader</Filter>
    </FxCompile>
    <FxCompile Include="shader\PS_MOCDebug.hlsl">
      <Filter>Shader</Filter>
    </FxCompile>
    <FxCompile Include="shader\VS_TerrainClustered.hlsl">
      <Filter>Shader</Filter>
    </FxCompile>
    <FxCompile Include="shader\CS_WriteArgs.hlsl">
      <Filter>Shader</Filter>
    </FxCompile>
    <FxCompile Include="shader\CS_TerrainClustered.hlsl">
      <Filter>Shader</Filter>
    </FxCompile>
    <FxCompile Include="shader\PS_TerrainClustered.hlsl">
      <Filter>Shader</Filter>
    </FxCompile>
    <FxCompile Include="shader\VS_ZPrepass.hlsl">
      <Filter>Shader</Filter>
    </FxCompile>
    <FxCompile Include="shader\CS_WriteArgsShadow.hlsl">
      <Filter>Shader</Filter>
    </FxCompile>
    <FxCompile Include="shader\CS_TerrainClusteredShadow.hlsl">
      <Filter>Shader</Filter>
    </FxCompile>
    <FxCompile Include="shader\VS_TerrainClusteredDepth.hlsl">
      <Filter>Shader</Filter>
    </FxCompile>
    <FxCompile Include="shader\PS_DepthOnly.hlsl">
      <Filter>Shader</Filter>
    </FxCompile>
    <FxCompile Include="shader\VS_CascadeDepth.hlsl">
      <Filter>Shader</Filter>
    </FxCompile>
    <FxCompile Include="shader\VS_WindGrass.hlsl">
      <Filter>Shader</Filter>
    </FxCompile>
    <FxCompile Include="shader\VS_Sky.hlsl">
      <Filter>Shader</Filter>
    </FxCompile>
    <FxCompile Include="shader\VS_WindEntity.hlsl">
      <Filter>Shader</Filter>
    </FxCompile>
    <FxCompile Include="shader\VS_WindEntityShadow.hlsl">
      <Filter>Shader</Filter>
    </FxCompile>
    <FxCompile Include="shader\PS_HighLight.hlsl">
      <Filter>Shader</Filter>
    </FxCompile>
    <FxCompile Include="shader\VS_WindSprite.hlsl">
      <Filter>Shader</Filter>
    </FxCompile>
    <FxCompile Include="shader\PS_Sky.hlsl">
      <Filter>Shader</Filter>
    </FxCompile>
    <FxCompile Include="shader\VS_Fullscreen.hlsl">
      <Filter>Shader</Filter>
    </FxCompile>
    <FxCompile Include="shader\VS_ClipUVNrm.hlsl">
      <Filter>Shader</Filter>
    </FxCompile>
    <FxCompile Include="shader\PS_DebugDeferred.hlsl">
      <Filter>Shader</Filter>
    </FxCompile>
    <FxCompile Include="shader\PS_PBR_Unlit_Shadow.hlsl">
      <Filter>Shader</Filter>
    </FxCompile>
    <FxCompile Include="shader\VS_SpriteAnimation.hlsl">
      <Filter>Shader</Filter>
    </FxCompile>
    <FxCompile Include="shader\CS_FireflyInitFreeList.hlsl">
      <Filter>Shader</Filter>
    </FxCompile>
    <FxCompile Include="shader\CS_FireflySpawn.hlsl">
      <Filter>Shader</Filter>
    </FxCompile>
    <FxCompile Include="shader\CS_FireflyArgs.hlsl">
      <Filter>Shader</Filter>
    </FxCompile>
    <FxCompile Include="shader\CS_FireflyUpdate.hlsl">
      <Filter>Shader</Filter>
    </FxCompile>
    <FxCompile Include="shader\VS_FireflyBillboard.hlsl">
      <Filter>Shader</Filter>
    </FxCompile>
    <FxCompile Include="shader\PS_Firefly.hlsl">
      <Filter>Shader</Filter>
    </FxCompile>
    <FxCompile Include="shader\PS_BrightExtract.hlsl">
      <Filter>Shader</Filter>
    </FxCompile>
    <FxCompile Include="shader\PS_BlurH.hlsl">
      <Filter>Shader</Filter>
    </FxCompile>
    <FxCompile Include="shader\PS_Composite.hlsl">
      <Filter>Shader</Filter>
    </FxCompile>
    <FxCompile Include="shader\VS_ShadowDepth.hlsl">
      <Filter>Shader</Filter>
    </FxCompile>
    <FxCompile Include="shader\VS_NormalMap.hlsl">
      <Filter>Shader</Filter>
    </FxCompile>
    <FxCompile Include="shader\PS_NormalMap.hlsl">
      <Filter>Shader</Filter>
    </FxCompile>
    <FxCompile Include="shader\PS_Alpha.hlsl">
      <Filter>Shader</Filter>
    </FxCompile>
  </ItemGroup>
  <ItemGroup>
    <None Include="shader\_GlobalTypes.hlsli">
      <Filter>Shader</Filter>
    </None>
    <None Include="shader\_ShadowTypes.hlsli">
      <Filter>Shader</Filter>
    </None>
    <None Include="shader\_FireflyParticles.hlsli">
      <Filter>Shader</Filter>
    </None>
  </ItemGroup>
  <ItemGroup>
    <ClInclude Include="system\CameraSystem.h">
      <Filter>System</Filter>
    </ClInclude>
    <ClInclude Include="system\PhysicsSystem.h">
      <Filter>System</Filter>
    </ClInclude>
    <ClInclude Include="system\VoidSystem.h">
      <Filter>System</Filter>
    </ClInclude>
    <ClInclude Include="system\ModelRenderSystem.h">
      <Filter>System</Filter>
    </ClInclude>
    <ClInclude Include="system\BodyIDWriteBackFromEventSystem.hpp">
      <Filter>System</Filter>
    </ClInclude>
    <ClInclude Include="system\BuildBodiesFromIntentsSystem.hpp">
      <Filter>System</Filter>
    </ClInclude>
    <ClInclude Include="system\DebugRenderSystem.h">
      <Filter>System</Filter>
    </ClInclude>
    <ClInclude Include="system\TestMoveSystem.h">
      <Filter>System</Filter>
    </ClInclude>
    <ClInclude Include="system\CleanModelSystem.h">
      <Filter>System</Filter>
    </ClInclude>
    <ClInclude Include="app\stdafx.h">
      <Filter>App</Filter>
    </ClInclude>
    <ClInclude Include="app\Packed2Bits32.h">
      <Filter>App</Filter>
    </ClInclude>
    <ClInclude Include="system\SimpleModelRenderSystem.h">
      <Filter>System</Filter>
    </ClInclude>
    <ClInclude Include="app\RenderDefine.h">
      <Filter>App</Filter>
    </ClInclude>
    <ClInclude Include="app\WindMovementService.h">
      <Filter>App</Filter>
    </ClInclude>
    <ClInclude Include="system\SpriteRenderSystem.h">
      <Filter>System</Filter>
    </ClInclude>
    <ClInclude Include="system\PlayerSystem.h">
      <Filter>System</Filter>
    </ClInclude>
    <ClInclude Include="app\PlayerService.h">
      <Filter>App</Filter>
    </ClInclude>
    <ClInclude Include="system\EnvironmentSystem.h">
      <Filter>System</Filter>
    </ClInclude>
    <ClInclude Include="system\DeferredRenderingSystem.h">
      <Filter>System</Filter>
    </ClInclude>
    <ClInclude Include="app\DeferredRenderingService.h">
      <Filter>App</Filter>
    </ClInclude>
    <ClInclude Include="system\LightShadowSystem.h">
      <Filter>System</Filter>
    </ClInclude>
    <ClInclude Include="system\PointLightSystem.h">
      <Filter>System</Filter>
    </ClInclude>
    <ClInclude Include="app\EnvironmentService.h">
      <Filter>App</Filter>
    </ClInclude>
    <ClInclude Include="app\SpriteAnimationService.h">
      <Filter>App</Filter>
    </ClInclude>
    <ClInclude Include="system\SpriteAnimationSystem.h">
      <Filter>System</Filter>
    </ClInclude>
    <ClInclude Include="app\FireflyService.h">
      <Filter>App</Filter>
    </ClInclude>
    <ClInclude Include="system\FireflySystem.h">
      <Filter>System</Filter>
    </ClInclude>
    <ClInclude Include="app\FireflyParticlePool.h">
      <Filter>App</Filter>
    </ClInclude>
    <ClInclude Include="app\D3D11Helpers.h">
      <Filter>App</Filter>
    </ClInclude>
    <ClInclude Include="app\DebugRenderType.h">
      <Filter>App</Filter>
    </ClInclude>
    <ClInclude Include="system\GlobalDebugRenderSystem.h">
      <Filter>System</Filter>
    </ClInclude>
  </ItemGroup>
</Project>