<?xml version="1.0" encoding="utf-8"?>
<Project ToolsVersion="4.0" xmlns="http://schemas.microsoft.com/developer/msbuild/2003">
  <ItemGroup>
    <Filter Include="System">
      <UniqueIdentifier>{93995380-89BD-4b04-88EB-625FBE52EBFB}</UniqueIdentifier>
      <Extensions>h;hh;hpp;hxx;h++;hm;inl;inc;ipp;xsd</Extensions>
    </Filter>
    <Filter Include="App">
      <UniqueIdentifier>{4FC737F1-C7A5-4376-A066-2A32D752A2FF}</UniqueIdentifier>
      <Extensions>cpp;c;cc;cxx;c++;cppm;ixx;def;odl;idl;hpj;bat;asm;asmx</Extensions>
    </Filter>
    <Filter Include="Shader">
      <UniqueIdentifier>{67DA6AB6-F800-4c08-8B7A-83BB121AAD01}</UniqueIdentifier>
      <Extensions>rc;ico;cur;bmp;dlg;rc2;rct;bin;rgs;gif;jpg;jpeg;jpe;resx;tiff;tif;png;wav;mfcribbon-ms</Extensions>
    </Filter>
  </ItemGroup>
  <ItemGroup>
    <ClCompile Include="system\DebugRenderSystem.cpp">
      <Filter>System</Filter>
    </ClCompile>
    <ClCompile Include="app\main.cpp">
      <Filter>App</Filter>
    </ClCompile>
    <ClCompile Include="app\stdafx.cpp">
      <Filter>App</Filter>
    </ClCompile>
  </ItemGroup>
  <ItemGroup>
    <FxCompile Include="shader\VS_Default.hlsl">
      <Filter>Shader</Filter>
    </FxCompile>
    <FxCompile Include="shader\PS_Default.hlsl">
      <Filter>Shader</Filter>
    </FxCompile>
    <FxCompile Include="shader\PS_DrawLineList.hlsl">
      <Filter>Shader</Filter>
    </FxCompile>
    <FxCompile Include="shader\VS_DrawLineList.hlsl">
      <Filter>Shader</Filter>
    </FxCompile>
    <FxCompile Include="shader\PS_Color.hlsl">
      <Filter>Shader</Filter>
    </FxCompile>
    <FxCompile Include="shader\VS_NDCLine.hlsl">
      <Filter>Shader</Filter>
    </FxCompile>
    <FxCompile Include="shader\PS_MOCDebug.hlsl">
      <Filter>Shader</Filter>
    </FxCompile>
    <FxCompile Include="shader\VS_TerrainClustered.hlsl">
      <Filter>Shader</Filter>
    </FxCompile>
    <FxCompile Include="shader\CS_WriteArgs.hlsl">
      <Filter>Shader</Filter>
    </FxCompile>
    <FxCompile Include="shader\CS_TerrainClustered.hlsl">
      <Filter>Shader</Filter>
    </FxCompile>
    <FxCompile Include="shader\PS_TerrainClustered.hlsl">
      <Filter>Shader</Filter>
    </FxCompile>
    <FxCompile Include="shader\VS_ZPrepass.hlsl">
      <Filter>Shader</Filter>
    </FxCompile>
    <FxCompile Include="shader\PS_ZPrepass.hlsl">
      <Filter>Shader</Filter>
    </FxCompile>
  </ItemGroup>
  <ItemGroup>
    <None Include="shader\GlobalTypes.hlsli">
      <Filter>Shader</Filter>
    </None>
  </ItemGroup>
  <ItemGroup>
    <ClInclude Include="system\CameraSystem.h">
      <Filter>System</Filter>
    </ClInclude>
    <ClInclude Include="system\PhysicsSystem.h">
      <Filter>System</Filter>
    </ClInclude>
    <ClInclude Include="system\VoidSystem.h">
      <Filter>System</Filter>
    </ClInclude>
    <ClInclude Include="system\ModelRenderSystem.h">
      <Filter>System</Filter>
    </ClInclude>
    <ClInclude Include="system\BodyIDWriteBackFromEventSystem.hpp">
      <Filter>System</Filter>
    </ClInclude>
    <ClInclude Include="system\BuildBodiesFromIntentsSystem.hpp">
      <Filter>System</Filter>
    </ClInclude>
    <ClInclude Include="system\DebugRenderSystem.h">
      <Filter>System</Filter>
    </ClInclude>
    <ClInclude Include="system\TestMoveSystem.h">
      <Filter>System</Filter>
    </ClInclude>
    <ClInclude Include="system\CleanModelSystem.h">
      <Filter>System</Filter>
    </ClInclude>
    <ClInclude Include="app\stdafx.h">
      <Filter>App</Filter>
    </ClInclude>
    <ClInclude Include="app\Packed2Bits32.h">
      <Filter>App</Filter>
    </ClInclude>
    <ClInclude Include="system\SimpleModelRenderSystem.h">
      <Filter>System</Filter>
    </ClInclude>
    <ClInclude Include="app\RenderDefine.h">
      <Filter>App</Filter>
    </ClInclude>
  </ItemGroup>
</Project>