<?xml version="1.0" encoding="utf-8"?>
<Project ToolsVersion="4.0" xmlns="http://schemas.microsoft.com/developer/msbuild/2003">
  <ItemGroup>
    <Filter Include="Src">
      <UniqueIdentifier>{49a19b8f-4671-4515-8585-30ffbaaeddde}</UniqueIdentifier>
    </Filter>
    <Filter Include="Src\Core">
      <UniqueIdentifier>{1a047d09-d2e2-4504-addf-82844ca44e8c}</UniqueIdentifier>
    </Filter>
    <Filter Include="Src\Graphics">
      <UniqueIdentifier>{123bcca3-3b58-44b9-bbff-780a8edfa372}</UniqueIdentifier>
    </Filter>
    <Filter Include="Inc">
      <UniqueIdentifier>{63eaeae7-984e-43e7-aa91-86e64b3fa931}</UniqueIdentifier>
    </Filter>
    <Filter Include="Src\Utility">
      <UniqueIdentifier>{edce9144-9292-4af6-b64f-a05315645543}</UniqueIdentifier>
    </Filter>
    <Filter Include="Src\Physics">
      <UniqueIdentifier>{a2ad3f1d-4675-4eb1-81cd-5dd37eb2b61f}</UniqueIdentifier>
    </Filter>
    <Filter Include="Inc\Core">
      <UniqueIdentifier>{e4a75f62-afdf-4a87-9b2b-813c1d27beda}</UniqueIdentifier>
    </Filter>
    <Filter Include="Inc\Math">
      <UniqueIdentifier>{26ffb2c9-85be-442c-8272-8a4973460492}</UniqueIdentifier>
    </Filter>
    <Filter Include="Inc\Graphics">
      <UniqueIdentifier>{905ac235-584f-4370-a4b1-bd25abc2a8e8}</UniqueIdentifier>
    </Filter>
    <Filter Include="Inc\Physics">
      <UniqueIdentifier>{19cc5f93-862d-436a-b285-6361d625bedd}</UniqueIdentifier>
    </Filter>
    <Filter Include="Inc\Util">
      <UniqueIdentifier>{a5fd2c8d-1cd0-4628-bebf-4046a69c83db}</UniqueIdentifier>
    </Filter>
    <Filter Include="Inc\Header">
      <UniqueIdentifier>{c1428071-2f0a-43d6-8129-73fd3cbe6006}</UniqueIdentifier>
    </Filter>
    <Filter Include="Inc\Core\ECS">
      <UniqueIdentifier>{551c94e0-2537-4dc6-a640-fc01d40dc461}</UniqueIdentifier>
    </Filter>
    <Filter Include="Inc\Core\ECS\System">
      <UniqueIdentifier>{60a0066c-3e02-457e-83c2-8f1aa97a246e}</UniqueIdentifier>
    </Filter>
  </ItemGroup>
  <ItemGroup>
    <ClInclude Include="src\Utility\doxygen_sample.h">
      <Filter>Src\Utility</Filter>
    </ClInclude>
    <ClInclude Include="src\Utility\pch.h">
      <Filter>Src\Utility</Filter>
    </ClInclude>
    <ClInclude Include="inc\Util\FrameTimer.h">
      <Filter>Inc\Util</Filter>
    </ClInclude>
    <ClInclude Include="inc\Util\NonCopyable.h">
      <Filter>Inc\Util</Filter>
    </ClInclude>
    <ClInclude Include="inc\Core\GameEngine.h">
      <Filter>Inc\Core</Filter>
    </ClInclude>
    <ClInclude Include="inc\Graphics\IGraphicsDevice.h">
      <Filter>Inc\Graphics</Filter>
    </ClInclude>
    <ClInclude Include="inc\sector11fw.h">
      <Filter>Inc\Header</Filter>
    </ClInclude>
    <ClInclude Include="inc\DX11Graphics.h">
      <Filter>Inc\Header</Filter>
    </ClInclude>
    <ClInclude Include="inc\WindowHandler.h">
      <Filter>Inc\Header</Filter>
    </ClInclude>
    <ClInclude Include="src\Utility\message.h">
      <Filter>Src\Utility</Filter>
    </ClInclude>
    <ClInclude Include="inc\Util\alignment.h">
      <Filter>Inc\Util</Filter>
    </ClInclude>
    <ClInclude Include="inc\Util\AccessWrapper.h">
      <Filter>Inc\Util</Filter>
    </ClInclude>
    <ClInclude Include="inc\DX12Graphics.h">
      <Filter>Inc\Header</Filter>
    </ClInclude>
    <ClInclude Include="inc\Math\Vector.hpp">
      <Filter>Inc\Math</Filter>
    </ClInclude>
    <ClInclude Include="inc\Math\AABB.hpp">
      <Filter>Inc\Math</Filter>
    </ClInclude>
    <ClInclude Include="inc\Core\Level.h">
      <Filter>Inc\Core</Filter>
    </ClInclude>
    <ClInclude Include="inc\Core\World.h">
      <Filter>Inc\Core</Filter>
    </ClInclude>
    <ClInclude Include="inc\Core\ECS\AccessInfo.h">
      <Filter>Inc\Core\ECS</Filter>
    </ClInclude>
    <ClInclude Include="inc\Core\ECS\Accessor.h">
      <Filter>Inc\Core\ECS</Filter>
    </ClInclude>
    <ClInclude Include="inc\Core\ECS\Archetype.h">
      <Filter>Inc\Core\ECS</Filter>
    </ClInclude>
    <ClInclude Include="inc\Core\ECS\ArchetypeChunk.h">
      <Filter>Inc\Core\ECS</Filter>
    </ClInclude>
    <ClInclude Include="inc\Core\ECS\ArchetypeManager.h">
      <Filter>Inc\Core\ECS</Filter>
    </ClInclude>
    <ClInclude Include="inc\Core\ECS\component.h">
      <Filter>Inc\Core\ECS</Filter>
    </ClInclude>
    <ClInclude Include="inc\Core\ECS\ComponentTypeRegistry.h">
      <Filter>Inc\Core\ECS</Filter>
    </ClInclude>
    <ClInclude Include="inc\Core\ECS\entity.h">
      <Filter>Inc\Core\ECS</Filter>
    </ClInclude>
    <ClInclude Include="inc\Core\ECS\EntityManager.h">
      <Filter>Inc\Core\ECS</Filter>
    </ClInclude>
    <ClInclude Include="inc\Core\ECS\ISystem.h">
      <Filter>Inc\Core\ECS</Filter>
    </ClInclude>
    <ClInclude Include="inc\Core\ECS\Query.h">
      <Filter>Inc\Core\ECS</Filter>
    </ClInclude>
    <ClInclude Include="inc\Core\ECS\ServiceContext.h">
      <Filter>Inc\Core\ECS</Filter>
    </ClInclude>
    <ClInclude Include="inc\Core\ECS\SparseComponentStore.h">
      <Filter>Inc\Core\ECS</Filter>
    </ClInclude>
    <ClInclude Include="inc\Core\ECS\SystemScheduler.h">
      <Filter>Inc\Core\ECS</Filter>
    </ClInclude>
    <ClInclude Include="inc\Core\ECS\ITypeSystem.h">
      <Filter>Inc\Core\ECS</Filter>
    </ClInclude>
    <ClInclude Include="inc\Core\AssetStorage.h">
      <Filter>Inc\Core</Filter>
    </ClInclude>
    <ClInclude Include="inc\Core\AssetManager.h">
      <Filter>Inc\Core</Filter>
    </ClInclude>
    <ClInclude Include="inc\Util\TypeCheck.h">
      <Filter>Inc\Util</Filter>
    </ClInclude>
    <ClInclude Include="inc\Util\CommonTypes.h">
      <Filter>Inc\Util</Filter>
    </ClInclude>
    <ClInclude Include="inc\Core\ECS\EntityIDAllocator.h">
      <Filter>Inc\Core\ECS</Filter>
    </ClInclude>
    <ClInclude Include="inc\Math\Quaternion.hpp">
      <Filter>Inc\Math</Filter>
    </ClInclude>
    <ClInclude Include="inc\Util\Transform.h">
      <Filter>Inc\Util</Filter>
    </ClInclude>
    <ClInclude Include="inc\Core\Partition.h">
      <Filter>Inc\Core</Filter>
    </ClInclude>
    <ClInclude Include="inc\Core\SpatialChunk.h">
      <Filter>Inc\Core</Filter>
    </ClInclude>
    <ClInclude Include="inc\Core\Grid2DPartition.h">
      <Filter>Inc\Core</Filter>
    </ClInclude>
    <ClInclude Include="inc\Util\logger.hpp">
      <Filter>Inc\Util</Filter>
    </ClInclude>
    <ClInclude Include="inc\Util\extract_type.h">
      <Filter>Inc\Util</Filter>
    </ClInclude>
  </ItemGroup>
  <ItemGroup>
    <ClCompile Include="src\Utility\doxygen_sample.cpp">
      <Filter>Src\Utility</Filter>
    </ClCompile>
    <ClCompile Include="src\Core\WindowHandler.cpp">
      <Filter>Src\Core</Filter>
    </ClCompile>
    <ClCompile Include="src\Utility\pch.cpp">
      <Filter>Src\Utility</Filter>
    </ClCompile>
    <ClCompile Include="src\Graphics\DX11Graphics.cpp">
      <Filter>Src\Graphics</Filter>
    </ClCompile>
    <ClCompile Include="src\Core\EntityManager.cpp">
      <Filter>Src\Core</Filter>
    </ClCompile>
    <ClCompile Include="src\Core\ArchetypeManager.cpp">
      <Filter>Src\Core</Filter>
    </ClCompile>
    <ClCompile Include="src\Core\Chunk.cpp">
      <Filter>Src\Core</Filter>
    </ClCompile>
    <ClCompile Include="src\Utility\message.cpp">
      <Filter>Src\Utility</Filter>
    </ClCompile>
    <ClCompile Include="src\Core\ComponentTypeRegistry.cpp">
      <Filter>Src\Core</Filter>
    </ClCompile>
    <ClCompile Include="src\Graphics\DX12Graphics.cpp">
      <Filter>Src\Graphics</Filter>
    </ClCompile>
    <ClCompile Include="src\Core\GameEngine.cpp">
      <Filter>Src\Core</Filter>
    </ClCompile>
  </ItemGroup>
  <ItemGroup>
    <None Include="docs\NamingConventions.md" />
  </ItemGroup>
</Project>