<?xml version="1.0" encoding="utf-8"?>
<Project ToolsVersion="4.0" xmlns="http://schemas.microsoft.com/developer/msbuild/2003">
  <ItemGroup>
    <Filter Include="Src">
      <UniqueIdentifier>{49a19b8f-4671-4515-8585-30ffbaaeddde}</UniqueIdentifier>
    </Filter>
    <Filter Include="Src\Core">
      <UniqueIdentifier>{1a047d09-d2e2-4504-addf-82844ca44e8c}</UniqueIdentifier>
    </Filter>
    <Filter Include="Src\Graphics">
      <UniqueIdentifier>{123bcca3-3b58-44b9-bbff-780a8edfa372}</UniqueIdentifier>
    </Filter>
    <Filter Include="Inc">
      <UniqueIdentifier>{63eaeae7-984e-43e7-aa91-86e64b3fa931}</UniqueIdentifier>
    </Filter>
    <Filter Include="Src\Utility">
      <UniqueIdentifier>{edce9144-9292-4af6-b64f-a05315645543}</UniqueIdentifier>
    </Filter>
    <Filter Include="Src\Physics">
      <UniqueIdentifier>{a2ad3f1d-4675-4eb1-81cd-5dd37eb2b61f}</UniqueIdentifier>
    </Filter>
    <Filter Include="Inc\Core">
      <UniqueIdentifier>{e4a75f62-afdf-4a87-9b2b-813c1d27beda}</UniqueIdentifier>
    </Filter>
    <Filter Include="Inc\Math">
      <UniqueIdentifier>{26ffb2c9-85be-442c-8272-8a4973460492}</UniqueIdentifier>
    </Filter>
    <Filter Include="Inc\Graphics">
      <UniqueIdentifier>{905ac235-584f-4370-a4b1-bd25abc2a8e8}</UniqueIdentifier>
    </Filter>
    <Filter Include="Inc\Physics">
      <UniqueIdentifier>{19cc5f93-862d-436a-b285-6361d625bedd}</UniqueIdentifier>
    </Filter>
    <Filter Include="Inc\Util">
      <UniqueIdentifier>{a5fd2c8d-1cd0-4628-bebf-4046a69c83db}</UniqueIdentifier>
    </Filter>
    <Filter Include="Inc\Header">
      <UniqueIdentifier>{c1428071-2f0a-43d6-8129-73fd3cbe6006}</UniqueIdentifier>
    </Filter>
    <Filter Include="Inc\Core\ECS">
      <UniqueIdentifier>{551c94e0-2537-4dc6-a640-fc01d40dc461}</UniqueIdentifier>
    </Filter>
    <Filter Include="Inc\Graphics\DX11">
      <UniqueIdentifier>{bce58d2d-ccdc-481b-9e50-2c40d6204e65}</UniqueIdentifier>
    </Filter>
    <Filter Include="Inc\Graphics\DX12">
      <UniqueIdentifier>{138a7dc2-8986-4efc-97a6-d81c84624262}</UniqueIdentifier>
    </Filter>
  </ItemGroup>
  <ItemGroup>
    <ClInclude Include="src\Utility\doxygen_sample.h">
      <Filter>Src\Utility</Filter>
    </ClInclude>
    <ClInclude Include="src\Utility\pch.h">
      <Filter>Src\Utility</Filter>
    </ClInclude>
    <ClInclude Include="inc\Util\FrameTimer.h">
      <Filter>Inc\Util</Filter>
    </ClInclude>
    <ClInclude Include="inc\Util\NonCopyable.h">
      <Filter>Inc\Util</Filter>
    </ClInclude>
    <ClInclude Include="inc\Core\GameEngine.h">
      <Filter>Inc\Core</Filter>
    </ClInclude>
    <ClInclude Include="inc\Graphics\IGraphicsDevice.hpp">
      <Filter>Inc\Graphics</Filter>
    </ClInclude>
    <ClInclude Include="inc\sector11fw.h">
      <Filter>Inc\Header</Filter>
    </ClInclude>
    <ClInclude Include="inc\DX11Graphics.h">
      <Filter>Inc\Header</Filter>
    </ClInclude>
    <ClInclude Include="inc\WindowHandler.h">
      <Filter>Inc\Header</Filter>
    </ClInclude>
    <ClInclude Include="src\Utility\message.h">
      <Filter>Src\Utility</Filter>
    </ClInclude>
    <ClInclude Include="inc\Util\alignment.h">
      <Filter>Inc\Util</Filter>
    </ClInclude>
    <ClInclude Include="inc\Util\AccessWrapper.hpp">
      <Filter>Inc\Util</Filter>
    </ClInclude>
    <ClInclude Include="inc\DX12Graphics.h">
      <Filter>Inc\Header</Filter>
    </ClInclude>
    <ClInclude Include="inc\Math\Vector.hpp">
      <Filter>Inc\Math</Filter>
    </ClInclude>
    <ClInclude Include="inc\Math\AABB.hpp">
      <Filter>Inc\Math</Filter>
    </ClInclude>
    <ClInclude Include="inc\Core\Level.hpp">
      <Filter>Inc\Core</Filter>
    </ClInclude>
    <ClInclude Include="inc\Core\World.hpp">
      <Filter>Inc\Core</Filter>
    </ClInclude>
    <ClInclude Include="inc\Core\ECS\AccessInfo.h">
      <Filter>Inc\Core\ECS</Filter>
    </ClInclude>
    <ClInclude Include="inc\Core\ECS\Accessor.hpp">
      <Filter>Inc\Core\ECS</Filter>
    </ClInclude>
    <ClInclude Include="inc\Core\ECS\Archetype.h">
      <Filter>Inc\Core\ECS</Filter>
    </ClInclude>
    <ClInclude Include="inc\Core\ECS\ArchetypeChunk.h">
      <Filter>Inc\Core\ECS</Filter>
    </ClInclude>
    <ClInclude Include="inc\Core\ECS\ArchetypeManager.h">
      <Filter>Inc\Core\ECS</Filter>
    </ClInclude>
    <ClInclude Include="inc\Core\ECS\component.hpp">
      <Filter>Inc\Core\ECS</Filter>
    </ClInclude>
    <ClInclude Include="inc\Core\ECS\ComponentTypeRegistry.h">
      <Filter>Inc\Core\ECS</Filter>
    </ClInclude>
    <ClInclude Include="inc\Core\ECS\entity.h">
      <Filter>Inc\Core\ECS</Filter>
    </ClInclude>
    <ClInclude Include="inc\Core\ECS\EntityManager.h">
      <Filter>Inc\Core\ECS</Filter>
    </ClInclude>
    <ClInclude Include="inc\Core\ECS\ISystem.hpp">
      <Filter>Inc\Core\ECS</Filter>
    </ClInclude>
    <ClInclude Include="inc\Core\ECS\Query.h">
      <Filter>Inc\Core\ECS</Filter>
    </ClInclude>
    <ClInclude Include="inc\Core\ECS\ServiceContext.hpp">
      <Filter>Inc\Core\ECS</Filter>
    </ClInclude>
    <ClInclude Include="inc\Core\ECS\SparseComponentStore.hpp">
      <Filter>Inc\Core\ECS</Filter>
    </ClInclude>
    <ClInclude Include="inc\Core\ECS\SystemScheduler.hpp">
      <Filter>Inc\Core\ECS</Filter>
    </ClInclude>
    <ClInclude Include="inc\Core\ECS\ITypeSystem.hpp">
      <Filter>Inc\Core\ECS</Filter>
    </ClInclude>
    <ClInclude Include="inc\Util\TypeChecker.hpp">
      <Filter>Inc\Util</Filter>
    </ClInclude>
    <ClInclude Include="inc\Util\Grid.hpp">
      <Filter>Inc\Util</Filter>
    </ClInclude>
    <ClInclude Include="inc\Core\ECS\EntityIDAllocator.h">
      <Filter>Inc\Core\ECS</Filter>
    </ClInclude>
    <ClInclude Include="inc\Math\Quaternion.hpp">
      <Filter>Inc\Math</Filter>
    </ClInclude>
    <ClInclude Include="inc\Core\partition.hpp">
      <Filter>Inc\Core</Filter>
    </ClInclude>
    <ClInclude Include="inc\Core\SpatialChunk.h">
      <Filter>Inc\Core</Filter>
    </ClInclude>
    <ClInclude Include="inc\Core\Grid2DPartition.h">
      <Filter>Inc\Core</Filter>
    </ClInclude>
    <ClInclude Include="inc\Util\logger.h">
      <Filter>Inc\Util</Filter>
    </ClInclude>
    <ClInclude Include="inc\Util\extract_type.hpp">
      <Filter>Inc\Util</Filter>
    </ClInclude>
    <ClInclude Include="inc\Math\Matrix.hpp">
      <Filter>Inc\Math</Filter>
    </ClInclude>
    <ClInclude Include="inc\Math\Transform.hpp">
      <Filter>Inc\Math</Filter>
    </ClInclude>
    <ClInclude Include="inc\Math\convert.hpp">
      <Filter>Inc\Math</Filter>
    </ClInclude>
    <ClInclude Include="inc\Graphics\convert_directX.hpp">
      <Filter>Inc\Graphics</Filter>
    </ClInclude>
    <ClInclude Include="inc\Util\Flatten.hpp">
      <Filter>Inc\Util</Filter>
    </ClInclude>
    <ClInclude Include="inc\Core\ECS\ComponentLayoutRegistry.h">
      <Filter>Inc\Core\ECS</Filter>
    </ClInclude>
    <ClInclude Include="inc\Util\OneOrMore.hpp">
      <Filter>Inc\Util</Filter>
    </ClInclude>
    <ClInclude Include="inc\Util\for_each_macro.hpp">
      <Filter>Inc\Util</Filter>
    </ClInclude>
    <ClInclude Include="inc\Util\unique_variant.hpp">
      <Filter>Inc\Util</Filter>
    </ClInclude>
    <ClInclude Include="inc\Util\UndeletablePtr.hpp">
      <Filter>Inc\Util</Filter>
    </ClInclude>
    <ClInclude Include="inc\Graphics\DX11\_dx11inc.h">
      <Filter>Inc\Graphics\DX11</Filter>
    </ClInclude>
    <ClInclude Include="inc\Graphics\RenderTypes.h">
      <Filter>Inc\Graphics</Filter>
    </ClInclude>
    <ClInclude Include="inc\Graphics\ResouceManagerBase.hpp">
      <Filter>Inc\Graphics</Filter>
    </ClInclude>
    <ClInclude Include="inc\Graphics\DX11\DX11MeshManager.h">
      <Filter>Inc\Graphics\DX11</Filter>
    </ClInclude>
    <ClInclude Include="inc\Graphics\DX11\DX11MaterialManager.h">
      <Filter>Inc\Graphics\DX11</Filter>
    </ClInclude>
    <ClInclude Include="inc\Graphics\RenderQueue.hpp">
      <Filter>Inc\Graphics</Filter>
    </ClInclude>
    <ClInclude Include="inc\Graphics\RenderGraph.hpp">
      <Filter>Inc\Graphics</Filter>
    </ClInclude>
    <ClInclude Include="inc\Graphics\RenderBackend.hpp">
      <Filter>Inc\Graphics</Filter>
    </ClInclude>
    <ClInclude Include="inc\Graphics\DX11\DX11RenderBackend.h">
      <Filter>Inc\Graphics\DX11</Filter>
    </ClInclude>
    <ClInclude Include="inc\Graphics\DX12\DX12RenderBackend.h">
      <Filter>Inc\Graphics\DX12</Filter>
    </ClInclude>
    <ClInclude Include="inc\Graphics\DX12\dx12inc.h">
      <Filter>Inc\Graphics\DX12</Filter>
    </ClInclude>
    <ClInclude Include="inc\Graphics\DX11\DX11ShaderManager.h">
      <Filter>Inc\Graphics\DX11</Filter>
    </ClInclude>
    <ClInclude Include="inc\Graphics\DX11\DX11PSOManager.h">
      <Filter>Inc\Graphics\DX11</Filter>
    </ClInclude>
    <ClInclude Include="inc\Graphics\RenderService.h">
      <Filter>Inc\Graphics</Filter>
    </ClInclude>
    <ClInclude Include="inc\Core\ECS\ServiceLocator.h">
      <Filter>Inc\Core\ECS</Filter>
    </ClInclude>
    <ClInclude Include="inc\Util\TextureLoader.h">
      <Filter>Inc\Util</Filter>
    </ClInclude>
    <ClInclude Include="inc\Graphics\DX11\DX11TextureManager.h">
      <Filter>Inc\Graphics\DX11</Filter>
    </ClInclude>
    <ClInclude Include="inc\Util\CopyableAtomic.hpp">
      <Filter>Inc\Util</Filter>
    </ClInclude>
    <ClInclude Include="inc\Graphics\DX11\DX11ModelAssetManager.h">
      <Filter>Inc\Graphics\DX11</Filter>
    </ClInclude>
    <ClInclude Include="inc\Graphics\DX11\DX11ConstantBufferManager.h">
      <Filter>Inc\Graphics\DX11</Filter>
    </ClInclude>
    <ClInclude Include="inc\Graphics\DX11\DX11SamplerManager.h">
      <Filter>Inc\Graphics\DX11</Filter>
    </ClInclude>
    <ClInclude Include="inc\Util\PathView.hpp">
      <Filter>Inc\Util</Filter>
    </ClInclude>
  </ItemGroup>
  <ItemGroup>
    <ClCompile Include="src\Utility\doxygen_sample.cpp">
      <Filter>Src\Utility</Filter>
    </ClCompile>
    <ClCompile Include="src\Core\WindowHandler.cpp">
      <Filter>Src\Core</Filter>
    </ClCompile>
    <ClCompile Include="src\Utility\pch.cpp">
      <Filter>Src\Utility</Filter>
    </ClCompile>
    <ClCompile Include="src\Graphics\DX11Graphics.cpp">
      <Filter>Src\Graphics</Filter>
    </ClCompile>
    <ClCompile Include="src\Core\EntityManager.cpp">
      <Filter>Src\Core</Filter>
    </ClCompile>
    <ClCompile Include="src\Core\ArchetypeManager.cpp">
      <Filter>Src\Core</Filter>
    </ClCompile>
    <ClCompile Include="src\Core\ArchetypeChunk.cpp">
      <Filter>Src\Core</Filter>
    </ClCompile>
    <ClCompile Include="src\Utility\message.cpp">
      <Filter>Src\Utility</Filter>
    </ClCompile>
    <ClCompile Include="src\Core\ComponentTypeRegistry.cpp">
      <Filter>Src\Core</Filter>
    </ClCompile>
    <ClCompile Include="src\Graphics\DX12Graphics.cpp">
      <Filter>Src\Graphics</Filter>
    </ClCompile>
    <ClCompile Include="src\Core\GameEngine.cpp">
      <Filter>Src\Core</Filter>
    </ClCompile>
    <ClCompile Include="src\Core\ComponentLayoutRegistry.cpp">
      <Filter>Src\Core</Filter>
    </ClCompile>
    <ClCompile Include="src\Graphics\DX11RenderBackend.cpp">
      <Filter>Src\Graphics</Filter>
    </ClCompile>
    <ClCompile Include="src\Graphics\DX11MaterialManager.cpp">
      <Filter>Src\Graphics</Filter>
    </ClCompile>
    <ClCompile Include="src\Graphics\DX11ShaderManager.cpp">
      <Filter>Src\Graphics</Filter>
    </ClCompile>
    <ClCompile Include="src\Graphics\DX11MeshManager.cpp">
      <Filter>Src\Graphics</Filter>
    </ClCompile>
    <ClCompile Include="src\Graphics\DX11ModelAssetManager.cpp">
      <Filter>Src\Graphics</Filter>
    </ClCompile>
    <ClCompile Include="src\Graphics\DX11TextureManager.cpp">
      <Filter>Src\Graphics</Filter>
    </ClCompile>
    <ClCompile Include="src\Graphics\DX11PSOManager.cpp">
      <Filter>Src\Graphics</Filter>
    </ClCompile>
  </ItemGroup>
  <ItemGroup>
    <None Include="docs\NamingConventions.md" />
  </ItemGroup>
</Project>